
Microsoft Visual Studio Solution File, Format Version 12.00
# Visual Studio 15
VisualStudioVersion = 15.0.28307.136
MinimumVisualStudioVersion = 10.0.40219.1
Project("{9A19103F-16F7-4668-BE54-9A1E7A4F7556}") = "NUnit.Extension.DependencyInjection", "src\NUnit.Extension.DependencyInjection\NUnit.Extension.DependencyInjection.csproj", "{7F76FC00-E776-4882-9966-C3F49A8E23B2}"
EndProject
Project("{9A19103F-16F7-4668-BE54-9A1E7A4F7556}") = "NUnit.Extension.DependencyInjection.Tests", "tests\NUnit.Extension.DependencyInjection.Tests\NUnit.Extension.DependencyInjection.Tests.csproj", "{11FB68EA-301E-4021-B586-90C773EB9307}"
EndProject
Project("{9A19103F-16F7-4668-BE54-9A1E7A4F7556}") = "NUnit.Extension.DependencyInjection.Unity", "src\NUnit.Extension.DependencyInjection.Unity\NUnit.Extension.DependencyInjection.Unity.csproj", "{8048F278-169D-4B97-B084-11AC38ABC18A}"
EndProject
Project("{9A19103F-16F7-4668-BE54-9A1E7A4F7556}") = "NUnit.Extension.DependencyInjection.Unity.Tests", "tests\NUnit.Extension.DependencyInjection.Unity.Tests\NUnit.Extension.DependencyInjection.Unity.Tests.csproj", "{FC912FBB-92D8-47F1-A449-4E4BFB28EF10}"
EndProject
Project("{FAE04EC0-301F-11D3-BF4B-00C04F79EFBC}") = "NUnit.Extension.DependencyInjection.Abstractions", "src\NUnit.Extension.DependencyInjection.Abstractions\NUnit.Extension.DependencyInjection.Abstractions.csproj", "{2B8C9F17-8786-4A95-B649-D17EA438CBDA}"
EndProject
Project("{2150E333-8FDC-42A3-9474-1A3956D46DE8}") = "Solution Items", "Solution Items", "{5C07A7DE-0420-4CE0-BEAB-336A7BB49DAD}"
	ProjectSection(SolutionItems) = preProject
		..\Readme.md = ..\Readme.md
		CodeAnalysis.ruleset = CodeAnalysis.ruleset
		stylecop.json = stylecop.json
		..\Development_Readme.md = ..\Development_Readme.md
		Directory.Build.props = Directory.Build.props
	EndProjectSection
EndProject
Global
	GlobalSection(SolutionConfigurationPlatforms) = preSolution
		Debug|Any CPU = Debug|Any CPU
		Release|Any CPU = Release|Any CPU
	EndGlobalSection
	GlobalSection(ProjectConfigurationPlatforms) = postSolution
		{7F76FC00-E776-4882-9966-C3F49A8E23B2}.Debug|Any CPU.ActiveCfg = Debug|Any CPU
		{7F76FC00-E776-4882-9966-C3F49A8E23B2}.Debug|Any CPU.Build.0 = Debug|Any CPU
		{7F76FC00-E776-4882-9966-C3F49A8E23B2}.Release|Any CPU.ActiveCfg = Release|Any CPU
		{7F76FC00-E776-4882-9966-C3F49A8E23B2}.Release|Any CPU.Build.0 = Release|Any CPU
		{11FB68EA-301E-4021-B586-90C773EB9307}.Debug|Any CPU.ActiveCfg = Debug|Any CPU
		{11FB68EA-301E-4021-B586-90C773EB9307}.Debug|Any CPU.Build.0 = Debug|Any CPU
		{11FB68EA-301E-4021-B586-90C773EB9307}.Release|Any CPU.ActiveCfg = Release|Any CPU
		{11FB68EA-301E-4021-B586-90C773EB9307}.Release|Any CPU.Build.0 = Release|Any CPU
		{8048F278-169D-4B97-B084-11AC38ABC18A}.Debug|Any CPU.ActiveCfg = Debug|Any CPU
		{8048F278-169D-4B97-B084-11AC38ABC18A}.Debug|Any CPU.Build.0 = Debug|Any CPU
		{8048F278-169D-4B97-B084-11AC38ABC18A}.Release|Any CPU.ActiveCfg = Release|Any CPU
		{8048F278-169D-4B97-B084-11AC38ABC18A}.Release|Any CPU.Build.0 = Release|Any CPU
		{FC912FBB-92D8-47F1-A449-4E4BFB28EF10}.Debug|Any CPU.ActiveCfg = Debug|Any CPU
		{FC912FBB-92D8-47F1-A449-4E4BFB28EF10}.Debug|Any CPU.Build.0 = Debug|Any CPU
		{FC912FBB-92D8-47F1-A449-4E4BFB28EF10}.Release|Any CPU.ActiveCfg = Release|Any CPU
		{FC912FBB-92D8-47F1-A449-4E4BFB28EF10}.Release|Any CPU.Build.0 = Release|Any CPU
		{2B8C9F17-8786-4A95-B649-D17EA438CBDA}.Debug|Any CPU.ActiveCfg = Debug|Any CPU
		{2B8C9F17-8786-4A95-B649-D17EA438CBDA}.Debug|Any CPU.Build.0 = Debug|Any CPU
		{2B8C9F17-8786-4A95-B649-D17EA438CBDA}.Release|Any CPU.ActiveCfg = Release|Any CPU
		{2B8C9F17-8786-4A95-B649-D17EA438CBDA}.Release|Any CPU.Build.0 = Release|Any CPU
	EndGlobalSection
	GlobalSection(SolutionProperties) = preSolution
		HideSolutionNode = FALSE
	EndGlobalSection
	GlobalSection(ExtensibilityGlobals) = postSolution
		SolutionGuid = {3DCE0371-7E66-4999-8563-83BFA37C8362}
	EndGlobalSection
EndGlobal
